// !$*UTF8*$!
{
	archiveVersion = 1;
	classes = {
	};
	objectVersion = 52;
	objects = {

/* Begin PBXBuildFile section */
		963F072D254583DE00E3D11B /* AppDelegate.swift in Sources */ = {isa = PBXBuildFile; fileRef = 963F072C254583DE00E3D11B /* AppDelegate.swift */; };
		963F072F254583DE00E3D11B /* SceneDelegate.swift in Sources */ = {isa = PBXBuildFile; fileRef = 963F072E254583DE00E3D11B /* SceneDelegate.swift */; };
		963F0731254583DE00E3D11B /* ViewController.swift in Sources */ = {isa = PBXBuildFile; fileRef = 963F0730254583DE00E3D11B /* ViewController.swift */; };
		963F0734254583DE00E3D11B /* Main.storyboard in Resources */ = {isa = PBXBuildFile; fileRef = 963F0732254583DE00E3D11B /* Main.storyboard */; };
		963F0737254583DE00E3D11B /* mapUFirestore.xcdatamodeld in Sources */ = {isa = PBXBuildFile; fileRef = 963F0735254583DE00E3D11B /* mapUFirestore.xcdatamodeld */; };
		963F0739254583DE00E3D11B /* Assets.xcassets in Resources */ = {isa = PBXBuildFile; fileRef = 963F0738254583DE00E3D11B /* Assets.xcassets */; };
		963F073C254583DE00E3D11B /* LaunchScreen.storyboard in Resources */ = {isa = PBXBuildFile; fileRef = 963F073A254583DE00E3D11B /* LaunchScreen.storyboard */; };
		963F0747254583DE00E3D11B /* mapUFirestoreTests.swift in Sources */ = {isa = PBXBuildFile; fileRef = 963F0746254583DE00E3D11B /* mapUFirestoreTests.swift */; };
		963F0752254583DE00E3D11B /* mapUFirestoreUITests.swift in Sources */ = {isa = PBXBuildFile; fileRef = 963F0751254583DE00E3D11B /* mapUFirestoreUITests.swift */; };
		964126FA2553E94200F63309 /* ScanViewController.swift in Sources */ = {isa = PBXBuildFile; fileRef = 964126F92553E94200F63309 /* ScanViewController.swift */; };
		9644DD4F256E9050000601B9 /* TagTheUserGot.swift in Sources */ = {isa = PBXBuildFile; fileRef = 9644DD4E256E9050000601B9 /* TagTheUserGot.swift */; };
		9644DD54256E9DA8000601B9 /* TagTheUserGotAPI.swift in Sources */ = {isa = PBXBuildFile; fileRef = 9644DD53256E9DA8000601B9 /* TagTheUserGotAPI.swift */; };
		9649C8B52573DF4A00587927 /* Friend'sOwnTagList.swift in Sources */ = {isa = PBXBuildFile; fileRef = 9649C8B42573DF4A00587927 /* Friend'sOwnTagList.swift */; };
		9649C8BA2573E3C400587927 /* Friend'sOwnTagListCell.swift in Sources */ = {isa = PBXBuildFile; fileRef = 9649C8B92573E3C400587927 /* Friend'sOwnTagListCell.swift */; };
		964A9595257136250013E617 /* AccessPhoto.swift in Sources */ = {isa = PBXBuildFile; fileRef = 964A9594257136250013E617 /* AccessPhoto.swift */; };
		964C0CB025839EF1002C0195 /* DennyUploadPhotoViewController.swift in Sources */ = {isa = PBXBuildFile; fileRef = 964C0CAF25839EF1002C0195 /* DennyUploadPhotoViewController.swift */; };
		965C65F9257E56C60048AEF5 /* PhotoCollectionView.swift in Sources */ = {isa = PBXBuildFile; fileRef = 965C65F8257E56C60048AEF5 /* PhotoCollectionView.swift */; };
		965C65FE257E56FA0048AEF5 /* PhotoCollectionViewCell.swift in Sources */ = {isa = PBXBuildFile; fileRef = 965C65FD257E56FA0048AEF5 /* PhotoCollectionViewCell.swift */; };
		965C6607257E69F40048AEF5 /* FirebaseFirestoreSwift in Frameworks */ = {isa = PBXBuildFile; productRef = 965C6606257E69F40048AEF5 /* FirebaseFirestoreSwift */; };
		965C6609257E69F40048AEF5 /* FirebaseStorage in Frameworks */ = {isa = PBXBuildFile; productRef = 965C6608257E69F40048AEF5 /* FirebaseStorage */; };
		965C660B257E69F40048AEF5 /* FirebaseAuth in Frameworks */ = {isa = PBXBuildFile; productRef = 965C660A257E69F40048AEF5 /* FirebaseAuth */; };
		965C660D257E69F40048AEF5 /* FirebaseFirestore in Frameworks */ = {isa = PBXBuildFile; productRef = 965C660C257E69F40048AEF5 /* FirebaseFirestore */; };
		965C660F257E69F40048AEF5 /* FirebaseDatabase in Frameworks */ = {isa = PBXBuildFile; productRef = 965C660E257E69F40048AEF5 /* FirebaseDatabase */; };
		9669561A258786BF004C088A /* LikesByWhomList.swift in Sources */ = {isa = PBXBuildFile; fileRef = 96695619258786BF004C088A /* LikesByWhomList.swift */; };
		9669562225878B5F004C088A /* LikesByWhomListCell.swift in Sources */ = {isa = PBXBuildFile; fileRef = 9669562125878B5F004C088A /* LikesByWhomListCell.swift */; };
		966AD46325558A58002EEF9B /* InteractWithDBViewController.swift in Sources */ = {isa = PBXBuildFile; fileRef = 966AD46225558A58002EEF9B /* InteractWithDBViewController.swift */; };
		9683C8422549BBC200A5C8A1 /* GoogleService-Info.plist in Resources */ = {isa = PBXBuildFile; fileRef = 9683C8412549BBC200A5C8A1 /* GoogleService-Info.plist */; };
		9683C8542549C46A00A5C8A1 /* tagPoolAPI.swift in Sources */ = {isa = PBXBuildFile; fileRef = 9683C8532549C46A00A5C8A1 /* tagPoolAPI.swift */; };
		9683C85F2549C4A700A5C8A1 /* UserAPI.swift in Sources */ = {isa = PBXBuildFile; fileRef = 9683C85E2549C4A700A5C8A1 /* UserAPI.swift */; };
		9683C8642549C4BB00A5C8A1 /* FollowingListAPI.swift in Sources */ = {isa = PBXBuildFile; fileRef = 9683C8632549C4BB00A5C8A1 /* FollowingListAPI.swift */; };
		9683C8692549C4F500A5C8A1 /* API.swift in Sources */ = {isa = PBXBuildFile; fileRef = 9683C8682549C4F500A5C8A1 /* API.swift */; };
		9683C86F2549C56500A5C8A1 /* Tag.swift in Sources */ = {isa = PBXBuildFile; fileRef = 9683C86E2549C56500A5C8A1 /* Tag.swift */; };
		9683C8772549C59000A5C8A1 /* User.swift in Sources */ = {isa = PBXBuildFile; fileRef = 9683C8762549C59000A5C8A1 /* User.swift */; };
		96F51BB32557EF86006D44D5 /* UIAlertViewController.swift in Sources */ = {isa = PBXBuildFile; fileRef = 96F51BB22557EF86006D44D5 /* UIAlertViewController.swift */; };
		96F52CF5256D45D400C06FF3 /* TagIGotTest.swift in Sources */ = {isa = PBXBuildFile; fileRef = 96F52CF4256D45D400C06FF3 /* TagIGotTest.swift */; };
/* End PBXBuildFile section */

/* Begin PBXContainerItemProxy section */
		963F0743254583DE00E3D11B /* PBXContainerItemProxy */ = {
			isa = PBXContainerItemProxy;
			containerPortal = 963F0721254583DE00E3D11B /* Project object */;
			proxyType = 1;
			remoteGlobalIDString = 963F0728254583DE00E3D11B;
			remoteInfo = mapUFirestore;
		};
		963F074E254583DE00E3D11B /* PBXContainerItemProxy */ = {
			isa = PBXContainerItemProxy;
			containerPortal = 963F0721254583DE00E3D11B /* Project object */;
			proxyType = 1;
			remoteGlobalIDString = 963F0728254583DE00E3D11B;
			remoteInfo = mapUFirestore;
		};
/* End PBXContainerItemProxy section */

/* Begin PBXFileReference section */
		963F0729254583DE00E3D11B /* mapUFirestore.app */ = {isa = PBXFileReference; explicitFileType = wrapper.application; includeInIndex = 0; path = mapUFirestore.app; sourceTree = BUILT_PRODUCTS_DIR; };
		963F072C254583DE00E3D11B /* AppDelegate.swift */ = {isa = PBXFileReference; lastKnownFileType = sourcecode.swift; path = AppDelegate.swift; sourceTree = "<group>"; };
		963F072E254583DE00E3D11B /* SceneDelegate.swift */ = {isa = PBXFileReference; lastKnownFileType = sourcecode.swift; path = SceneDelegate.swift; sourceTree = "<group>"; };
		963F0730254583DE00E3D11B /* ViewController.swift */ = {isa = PBXFileReference; lastKnownFileType = sourcecode.swift; path = ViewController.swift; sourceTree = "<group>"; };
		963F0733254583DE00E3D11B /* Base */ = {isa = PBXFileReference; lastKnownFileType = file.storyboard; name = Base; path = Base.lproj/Main.storyboard; sourceTree = "<group>"; };
		963F0736254583DE00E3D11B /* mapUFirestore.xcdatamodel */ = {isa = PBXFileReference; lastKnownFileType = wrapper.xcdatamodel; path = mapUFirestore.xcdatamodel; sourceTree = "<group>"; };
		963F0738254583DE00E3D11B /* Assets.xcassets */ = {isa = PBXFileReference; lastKnownFileType = folder.assetcatalog; path = Assets.xcassets; sourceTree = "<group>"; };
		963F073B254583DE00E3D11B /* Base */ = {isa = PBXFileReference; lastKnownFileType = file.storyboard; name = Base; path = Base.lproj/LaunchScreen.storyboard; sourceTree = "<group>"; };
		963F073D254583DE00E3D11B /* Info.plist */ = {isa = PBXFileReference; lastKnownFileType = text.plist.xml; path = Info.plist; sourceTree = "<group>"; };
		963F0742254583DE00E3D11B /* mapUFirestoreTests.xctest */ = {isa = PBXFileReference; explicitFileType = wrapper.cfbundle; includeInIndex = 0; path = mapUFirestoreTests.xctest; sourceTree = BUILT_PRODUCTS_DIR; };
		963F0746254583DE00E3D11B /* mapUFirestoreTests.swift */ = {isa = PBXFileReference; lastKnownFileType = sourcecode.swift; path = mapUFirestoreTests.swift; sourceTree = "<group>"; };
		963F0748254583DE00E3D11B /* Info.plist */ = {isa = PBXFileReference; lastKnownFileType = text.plist.xml; path = Info.plist; sourceTree = "<group>"; };
		963F074D254583DE00E3D11B /* mapUFirestoreUITests.xctest */ = {isa = PBXFileReference; explicitFileType = wrapper.cfbundle; includeInIndex = 0; path = mapUFirestoreUITests.xctest; sourceTree = BUILT_PRODUCTS_DIR; };
		963F0751254583DE00E3D11B /* mapUFirestoreUITests.swift */ = {isa = PBXFileReference; lastKnownFileType = sourcecode.swift; path = mapUFirestoreUITests.swift; sourceTree = "<group>"; };
		963F0753254583DE00E3D11B /* Info.plist */ = {isa = PBXFileReference; lastKnownFileType = text.plist.xml; path = Info.plist; sourceTree = "<group>"; };
		964126F92553E94200F63309 /* ScanViewController.swift */ = {isa = PBXFileReference; lastKnownFileType = sourcecode.swift; path = ScanViewController.swift; sourceTree = "<group>"; };
		9644DD4E256E9050000601B9 /* TagTheUserGot.swift */ = {isa = PBXFileReference; lastKnownFileType = sourcecode.swift; path = TagTheUserGot.swift; sourceTree = "<group>"; };
		9644DD53256E9DA8000601B9 /* TagTheUserGotAPI.swift */ = {isa = PBXFileReference; lastKnownFileType = sourcecode.swift; path = TagTheUserGotAPI.swift; sourceTree = "<group>"; };
		9649C8B42573DF4A00587927 /* Friend'sOwnTagList.swift */ = {isa = PBXFileReference; lastKnownFileType = sourcecode.swift; path = "Friend'sOwnTagList.swift"; sourceTree = "<group>"; };
		9649C8B92573E3C400587927 /* Friend'sOwnTagListCell.swift */ = {isa = PBXFileReference; lastKnownFileType = sourcecode.swift; path = "Friend'sOwnTagListCell.swift"; sourceTree = "<group>"; };
		964A9594257136250013E617 /* AccessPhoto.swift */ = {isa = PBXFileReference; lastKnownFileType = sourcecode.swift; path = AccessPhoto.swift; sourceTree = "<group>"; };
		964C0CAF25839EF1002C0195 /* DennyUploadPhotoViewController.swift */ = {isa = PBXFileReference; lastKnownFileType = sourcecode.swift; path = DennyUploadPhotoViewController.swift; sourceTree = "<group>"; };
		965C65F8257E56C60048AEF5 /* PhotoCollectionView.swift */ = {isa = PBXFileReference; lastKnownFileType = sourcecode.swift; path = PhotoCollectionView.swift; sourceTree = "<group>"; };
		965C65FD257E56FA0048AEF5 /* PhotoCollectionViewCell.swift */ = {isa = PBXFileReference; lastKnownFileType = sourcecode.swift; path = PhotoCollectionViewCell.swift; sourceTree = "<group>"; };
		96695619258786BF004C088A /* LikesByWhomList.swift */ = {isa = PBXFileReference; lastKnownFileType = sourcecode.swift; path = LikesByWhomList.swift; sourceTree = "<group>"; };
		9669562125878B5F004C088A /* LikesByWhomListCell.swift */ = {isa = PBXFileReference; lastKnownFileType = sourcecode.swift; path = LikesByWhomListCell.swift; sourceTree = "<group>"; };
		966AD46225558A58002EEF9B /* InteractWithDBViewController.swift */ = {isa = PBXFileReference; lastKnownFileType = sourcecode.swift; path = InteractWithDBViewController.swift; sourceTree = "<group>"; };
		9683C8412549BBC200A5C8A1 /* GoogleService-Info.plist */ = {isa = PBXFileReference; fileEncoding = 4; lastKnownFileType = text.plist.xml; path = "GoogleService-Info.plist"; sourceTree = "<group>"; };
		9683C8532549C46A00A5C8A1 /* tagPoolAPI.swift */ = {isa = PBXFileReference; lastKnownFileType = sourcecode.swift; path = tagPoolAPI.swift; sourceTree = "<group>"; };
		9683C85E2549C4A700A5C8A1 /* UserAPI.swift */ = {isa = PBXFileReference; lastKnownFileType = sourcecode.swift; path = UserAPI.swift; sourceTree = "<group>"; };
		9683C8632549C4BB00A5C8A1 /* FollowingListAPI.swift */ = {isa = PBXFileReference; lastKnownFileType = sourcecode.swift; path = FollowingListAPI.swift; sourceTree = "<group>"; };
		9683C8682549C4F500A5C8A1 /* API.swift */ = {isa = PBXFileReference; lastKnownFileType = sourcecode.swift; path = API.swift; sourceTree = "<group>"; };
		9683C86E2549C56500A5C8A1 /* Tag.swift */ = {isa = PBXFileReference; lastKnownFileType = sourcecode.swift; path = Tag.swift; sourceTree = "<group>"; };
		9683C8762549C59000A5C8A1 /* User.swift */ = {isa = PBXFileReference; lastKnownFileType = sourcecode.swift; path = User.swift; sourceTree = "<group>"; };
		96F51BB22557EF86006D44D5 /* UIAlertViewController.swift */ = {isa = PBXFileReference; lastKnownFileType = sourcecode.swift; path = UIAlertViewController.swift; sourceTree = "<group>"; };
		96F52CF4256D45D400C06FF3 /* TagIGotTest.swift */ = {isa = PBXFileReference; lastKnownFileType = sourcecode.swift; path = TagIGotTest.swift; sourceTree = "<group>"; };
/* End PBXFileReference section */

/* Begin PBXFrameworksBuildPhase section */
		963F0726254583DE00E3D11B /* Frameworks */ = {
			isa = PBXFrameworksBuildPhase;
			buildActionMask = 2147483647;
			files = (
				965C660F257E69F40048AEF5 /* FirebaseDatabase in Frameworks */,
				965C6607257E69F40048AEF5 /* FirebaseFirestoreSwift in Frameworks */,
				965C660D257E69F40048AEF5 /* FirebaseFirestore in Frameworks */,
				965C660B257E69F40048AEF5 /* FirebaseAuth in Frameworks */,
				965C6609257E69F40048AEF5 /* FirebaseStorage in Frameworks */,
			);
			runOnlyForDeploymentPostprocessing = 0;
		};
		963F073F254583DE00E3D11B /* Frameworks */ = {
			isa = PBXFrameworksBuildPhase;
			buildActionMask = 2147483647;
			files = (
			);
			runOnlyForDeploymentPostprocessing = 0;
		};
		963F074A254583DE00E3D11B /* Frameworks */ = {
			isa = PBXFrameworksBuildPhase;
			buildActionMask = 2147483647;
			files = (
			);
			runOnlyForDeploymentPostprocessing = 0;
		};
/* End PBXFrameworksBuildPhase section */

/* Begin PBXGroup section */
		963F0720254583DE00E3D11B = {
			isa = PBXGroup;
			children = (
				963F072B254583DE00E3D11B /* mapUFirestore */,
				963F0745254583DE00E3D11B /* mapUFirestoreTests */,
				963F0750254583DE00E3D11B /* mapUFirestoreUITests */,
				963F072A254583DE00E3D11B /* Products */,
			);
			sourceTree = "<group>";
		};
		963F072A254583DE00E3D11B /* Products */ = {
			isa = PBXGroup;
			children = (
				963F0729254583DE00E3D11B /* mapUFirestore.app */,
				963F0742254583DE00E3D11B /* mapUFirestoreTests.xctest */,
				963F074D254583DE00E3D11B /* mapUFirestoreUITests.xctest */,
			);
			name = Products;
			sourceTree = "<group>";
		};
		963F072B254583DE00E3D11B /* mapUFirestore */ = {
			isa = PBXGroup;
			children = (
				963F072C254583DE00E3D11B /* AppDelegate.swift */,
				96F51BB22557EF86006D44D5 /* UIAlertViewController.swift */,
				963F072E254583DE00E3D11B /* SceneDelegate.swift */,
				96F52CF4256D45D400C06FF3 /* TagIGotTest.swift */,
				963F0730254583DE00E3D11B /* ViewController.swift */,
				964126F92553E94200F63309 /* ScanViewController.swift */,
				964A9594257136250013E617 /* AccessPhoto.swift */,
				966AD46225558A58002EEF9B /* InteractWithDBViewController.swift */,
				9649C8B42573DF4A00587927 /* Friend'sOwnTagList.swift */,
				965C65FD257E56FA0048AEF5 /* PhotoCollectionViewCell.swift */,
				964C0CAF25839EF1002C0195 /* DennyUploadPhotoViewController.swift */,
				965C65F8257E56C60048AEF5 /* PhotoCollectionView.swift */,
				96695619258786BF004C088A /* LikesByWhomList.swift */,
				9669562125878B5F004C088A /* LikesByWhomListCell.swift */,
				9649C8B92573E3C400587927 /* Friend'sOwnTagListCell.swift */,
				9683C86D2549C55000A5C8A1 /* Model */,
				9683C8522549C45000A5C8A1 /* API */,
				963F0732254583DE00E3D11B /* Main.storyboard */,
				963F0738254583DE00E3D11B /* Assets.xcassets */,
				963F073A254583DE00E3D11B /* LaunchScreen.storyboard */,
				963F073D254583DE00E3D11B /* Info.plist */,
				9683C8412549BBC200A5C8A1 /* GoogleService-Info.plist */,
				963F0735254583DE00E3D11B /* mapUFirestore.xcdatamodeld */,
			);
			path = mapUFirestore;
			sourceTree = "<group>";
		};
		963F0745254583DE00E3D11B /* mapUFirestoreTests */ = {
			isa = PBXGroup;
			children = (
				963F0746254583DE00E3D11B /* mapUFirestoreTests.swift */,
				963F0748254583DE00E3D11B /* Info.plist */,
			);
			path = mapUFirestoreTests;
			sourceTree = "<group>";
		};
		963F0750254583DE00E3D11B /* mapUFirestoreUITests */ = {
			isa = PBXGroup;
			children = (
				963F0751254583DE00E3D11B /* mapUFirestoreUITests.swift */,
				963F0753254583DE00E3D11B /* Info.plist */,
			);
			path = mapUFirestoreUITests;
			sourceTree = "<group>";
		};
		9683C8522549C45000A5C8A1 /* API */ = {
			isa = PBXGroup;
			children = (
				9683C8682549C4F500A5C8A1 /* API.swift */,
				9683C8532549C46A00A5C8A1 /* tagPoolAPI.swift */,
				9683C85E2549C4A700A5C8A1 /* UserAPI.swift */,
				9683C8632549C4BB00A5C8A1 /* FollowingListAPI.swift */,
				9644DD53256E9DA8000601B9 /* TagTheUserGotAPI.swift */,
			);
			path = API;
			sourceTree = "<group>";
		};
		9683C86D2549C55000A5C8A1 /* Model */ = {
			isa = PBXGroup;
			children = (
				9683C86E2549C56500A5C8A1 /* Tag.swift */,
				9683C8762549C59000A5C8A1 /* User.swift */,
				9644DD4E256E9050000601B9 /* TagTheUserGot.swift */,
			);
			path = Model;
			sourceTree = "<group>";
		};
/* End PBXGroup section */

/* Begin PBXNativeTarget section */
		963F0728254583DE00E3D11B /* mapUFirestore */ = {
			isa = PBXNativeTarget;
			buildConfigurationList = 963F0756254583DE00E3D11B /* Build configuration list for PBXNativeTarget "mapUFirestore" */;
			buildPhases = (
				963F0725254583DE00E3D11B /* Sources */,
				963F0726254583DE00E3D11B /* Frameworks */,
				963F0727254583DE00E3D11B /* Resources */,
			);
			buildRules = (
			);
			dependencies = (
			);
			name = mapUFirestore;
			packageProductDependencies = (
				965C6606257E69F40048AEF5 /* FirebaseFirestoreSwift */,
				965C6608257E69F40048AEF5 /* FirebaseStorage */,
				965C660A257E69F40048AEF5 /* FirebaseAuth */,
				965C660C257E69F40048AEF5 /* FirebaseFirestore */,
				965C660E257E69F40048AEF5 /* FirebaseDatabase */,
			);
			productName = mapUFirestore;
			productReference = 963F0729254583DE00E3D11B /* mapUFirestore.app */;
			productType = "com.apple.product-type.application";
		};
		963F0741254583DE00E3D11B /* mapUFirestoreTests */ = {
			isa = PBXNativeTarget;
			buildConfigurationList = 963F0759254583DE00E3D11B /* Build configuration list for PBXNativeTarget "mapUFirestoreTests" */;
			buildPhases = (
				963F073E254583DE00E3D11B /* Sources */,
				963F073F254583DE00E3D11B /* Frameworks */,
				963F0740254583DE00E3D11B /* Resources */,
			);
			buildRules = (
			);
			dependencies = (
				963F0744254583DE00E3D11B /* PBXTargetDependency */,
			);
			name = mapUFirestoreTests;
			productName = mapUFirestoreTests;
			productReference = 963F0742254583DE00E3D11B /* mapUFirestoreTests.xctest */;
			productType = "com.apple.product-type.bundle.unit-test";
		};
		963F074C254583DE00E3D11B /* mapUFirestoreUITests */ = {
			isa = PBXNativeTarget;
			buildConfigurationList = 963F075C254583DE00E3D11B /* Build configuration list for PBXNativeTarget "mapUFirestoreUITests" */;
			buildPhases = (
				963F0749254583DE00E3D11B /* Sources */,
				963F074A254583DE00E3D11B /* Frameworks */,
				963F074B254583DE00E3D11B /* Resources */,
			);
			buildRules = (
			);
			dependencies = (
				963F074F254583DE00E3D11B /* PBXTargetDependency */,
			);
			name = mapUFirestoreUITests;
			productName = mapUFirestoreUITests;
			productReference = 963F074D254583DE00E3D11B /* mapUFirestoreUITests.xctest */;
			productType = "com.apple.product-type.bundle.ui-testing";
		};
/* End PBXNativeTarget section */

/* Begin PBXProject section */
		963F0721254583DE00E3D11B /* Project object */ = {
			isa = PBXProject;
			attributes = {
				LastSwiftUpdateCheck = 1210;
				LastUpgradeCheck = 1210;
				TargetAttributes = {
					963F0728254583DE00E3D11B = {
						CreatedOnToolsVersion = 12.1;
					};
					963F0741254583DE00E3D11B = {
						CreatedOnToolsVersion = 12.1;
						TestTargetID = 963F0728254583DE00E3D11B;
					};
					963F074C254583DE00E3D11B = {
						CreatedOnToolsVersion = 12.1;
						TestTargetID = 963F0728254583DE00E3D11B;
					};
				};
			};
			buildConfigurationList = 963F0724254583DE00E3D11B /* Build configuration list for PBXProject "mapUFirestore" */;
			compatibilityVersion = "Xcode 9.3";
			developmentRegion = en;
			hasScannedForEncodings = 0;
			knownRegions = (
				en,
				Base,
			);
			mainGroup = 963F0720254583DE00E3D11B;
			packageReferences = (
				965C6605257E69F40048AEF5 /* XCRemoteSwiftPackageReference "firebase-ios-sdk" */,
			);
			productRefGroup = 963F072A254583DE00E3D11B /* Products */;
			projectDirPath = "";
			projectRoot = "";
			targets = (
				963F0728254583DE00E3D11B /* mapUFirestore */,
				963F0741254583DE00E3D11B /* mapUFirestoreTests */,
				963F074C254583DE00E3D11B /* mapUFirestoreUITests */,
			);
		};
/* End PBXProject section */

/* Begin PBXResourcesBuildPhase section */
		963F0727254583DE00E3D11B /* Resources */ = {
			isa = PBXResourcesBuildPhase;
			buildActionMask = 2147483647;
			files = (
				963F073C254583DE00E3D11B /* LaunchScreen.storyboard in Resources */,
				9683C8422549BBC200A5C8A1 /* GoogleService-Info.plist in Resources */,
				963F0739254583DE00E3D11B /* Assets.xcassets in Resources */,
				963F0734254583DE00E3D11B /* Main.storyboard in Resources */,
			);
			runOnlyForDeploymentPostprocessing = 0;
		};
		963F0740254583DE00E3D11B /* Resources */ = {
			isa = PBXResourcesBuildPhase;
			buildActionMask = 2147483647;
			files = (
			);
			runOnlyForDeploymentPostprocessing = 0;
		};
		963F074B254583DE00E3D11B /* Resources */ = {
			isa = PBXResourcesBuildPhase;
			buildActionMask = 2147483647;
			files = (
			);
			runOnlyForDeploymentPostprocessing = 0;
		};
/* End PBXResourcesBuildPhase section */

/* Begin PBXSourcesBuildPhase section */
		963F0725254583DE00E3D11B /* Sources */ = {
			isa = PBXSourcesBuildPhase;
			buildActionMask = 2147483647;
			files = (
				964A9595257136250013E617 /* AccessPhoto.swift in Sources */,
				965C65F9257E56C60048AEF5 /* PhotoCollectionView.swift in Sources */,
				963F0737254583DE00E3D11B /* mapUFirestore.xcdatamodeld in Sources */,
				9644DD54256E9DA8000601B9 /* TagTheUserGotAPI.swift in Sources */,
				96F52CF5256D45D400C06FF3 /* TagIGotTest.swift in Sources */,
				963F0731254583DE00E3D11B /* ViewController.swift in Sources */,
				963F072D254583DE00E3D11B /* AppDelegate.swift in Sources */,
				964126FA2553E94200F63309 /* ScanViewController.swift in Sources */,
				9669561A258786BF004C088A /* LikesByWhomList.swift in Sources */,
				9649C8B52573DF4A00587927 /* Friend'sOwnTagList.swift in Sources */,
				966AD46325558A58002EEF9B /* InteractWithDBViewController.swift in Sources */,
				9649C8BA2573E3C400587927 /* Friend'sOwnTagListCell.swift in Sources */,
				965C65FE257E56FA0048AEF5 /* PhotoCollectionViewCell.swift in Sources */,
				963F072F254583DE00E3D11B /* SceneDelegate.swift in Sources */,
				9669562225878B5F004C088A /* LikesByWhomListCell.swift in Sources */,
				9683C8542549C46A00A5C8A1 /* tagPoolAPI.swift in Sources */,
				9683C8642549C4BB00A5C8A1 /* FollowingListAPI.swift in Sources */,
				9683C86F2549C56500A5C8A1 /* Tag.swift in Sources */,
				9683C8692549C4F500A5C8A1 /* API.swift in Sources */,
				96F51BB32557EF86006D44D5 /* UIAlertViewController.swift in Sources */,
				9683C8772549C59000A5C8A1 /* User.swift in Sources */,
				9683C85F2549C4A700A5C8A1 /* UserAPI.swift in Sources */,
				9644DD4F256E9050000601B9 /* TagTheUserGot.swift in Sources */,
				964C0CB025839EF1002C0195 /* DennyUploadPhotoViewController.swift in Sources */,
			);
			runOnlyForDeploymentPostprocessing = 0;
		};
		963F073E254583DE00E3D11B /* Sources */ = {
			isa = PBXSourcesBuildPhase;
			buildActionMask = 2147483647;
			files = (
				963F0747254583DE00E3D11B /* mapUFirestoreTests.swift in Sources */,
			);
			runOnlyForDeploymentPostprocessing = 0;
		};
		963F0749254583DE00E3D11B /* Sources */ = {
			isa = PBXSourcesBuildPhase;
			buildActionMask = 2147483647;
			files = (
				963F0752254583DE00E3D11B /* mapUFirestoreUITests.swift in Sources */,
			);
			runOnlyForDeploymentPostprocessing = 0;
		};
/* End PBXSourcesBuildPhase section */

/* Begin PBXTargetDependency section */
		963F0744254583DE00E3D11B /* PBXTargetDependency */ = {
			isa = PBXTargetDependency;
			target = 963F0728254583DE00E3D11B /* mapUFirestore */;
			targetProxy = 963F0743254583DE00E3D11B /* PBXContainerItemProxy */;
		};
		963F074F254583DE00E3D11B /* PBXTargetDependency */ = {
			isa = PBXTargetDependency;
			target = 963F0728254583DE00E3D11B /* mapUFirestore */;
			targetProxy = 963F074E254583DE00E3D11B /* PBXContainerItemProxy */;
		};
/* End PBXTargetDependency section */

/* Begin PBXVariantGroup section */
		963F0732254583DE00E3D11B /* Main.storyboard */ = {
			isa = PBXVariantGroup;
			children = (
				963F0733254583DE00E3D11B /* Base */,
			);
			name = Main.storyboard;
			sourceTree = "<group>";
		};
		963F073A254583DE00E3D11B /* LaunchScreen.storyboard */ = {
			isa = PBXVariantGroup;
			children = (
				963F073B254583DE00E3D11B /* Base */,
			);
			name = LaunchScreen.storyboard;
			sourceTree = "<group>";
		};
/* End PBXVariantGroup section */

/* Begin XCBuildConfiguration section */
		963F0754254583DE00E3D11B /* Debug */ = {
			isa = XCBuildConfiguration;
			buildSettings = {
				ALWAYS_SEARCH_USER_PATHS = NO;
				CLANG_ANALYZER_NONNULL = YES;
				CLANG_ANALYZER_NUMBER_OBJECT_CONVERSION = YES_AGGRESSIVE;
				CLANG_CXX_LANGUAGE_STANDARD = "gnu++14";
				CLANG_CXX_LIBRARY = "libc++";
				CLANG_ENABLE_MODULES = YES;
				CLANG_ENABLE_OBJC_ARC = YES;
				CLANG_ENABLE_OBJC_WEAK = YES;
				CLANG_WARN_BLOCK_CAPTURE_AUTORELEASING = YES;
				CLANG_WARN_BOOL_CONVERSION = YES;
				CLANG_WARN_COMMA = YES;
				CLANG_WARN_CONSTANT_CONVERSION = YES;
				CLANG_WARN_DEPRECATED_OBJC_IMPLEMENTATIONS = YES;
				CLANG_WARN_DIRECT_OBJC_ISA_USAGE = YES_ERROR;
				CLANG_WARN_DOCUMENTATION_COMMENTS = YES;
				CLANG_WARN_EMPTY_BODY = YES;
				CLANG_WARN_ENUM_CONVERSION = YES;
				CLANG_WARN_INFINITE_RECURSION = YES;
				CLANG_WARN_INT_CONVERSION = YES;
				CLANG_WARN_NON_LITERAL_NULL_CONVERSION = YES;
				CLANG_WARN_OBJC_IMPLICIT_RETAIN_SELF = YES;
				CLANG_WARN_OBJC_LITERAL_CONVERSION = YES;
				CLANG_WARN_OBJC_ROOT_CLASS = YES_ERROR;
				CLANG_WARN_QUOTED_INCLUDE_IN_FRAMEWORK_HEADER = YES;
				CLANG_WARN_RANGE_LOOP_ANALYSIS = YES;
				CLANG_WARN_STRICT_PROTOTYPES = YES;
				CLANG_WARN_SUSPICIOUS_MOVE = YES;
				CLANG_WARN_UNGUARDED_AVAILABILITY = YES_AGGRESSIVE;
				CLANG_WARN_UNREACHABLE_CODE = YES;
				CLANG_WARN__DUPLICATE_METHOD_MATCH = YES;
				COPY_PHASE_STRIP = NO;
				DEBUG_INFORMATION_FORMAT = dwarf;
				ENABLE_STRICT_OBJC_MSGSEND = YES;
				ENABLE_TESTABILITY = YES;
				GCC_C_LANGUAGE_STANDARD = gnu11;
				GCC_DYNAMIC_NO_PIC = NO;
				GCC_NO_COMMON_BLOCKS = YES;
				GCC_OPTIMIZATION_LEVEL = 0;
				GCC_PREPROCESSOR_DEFINITIONS = (
					"DEBUG=1",
					"$(inherited)",
				);
				GCC_WARN_64_TO_32_BIT_CONVERSION = YES;
				GCC_WARN_ABOUT_RETURN_TYPE = YES_ERROR;
				GCC_WARN_UNDECLARED_SELECTOR = YES;
				GCC_WARN_UNINITIALIZED_AUTOS = YES_AGGRESSIVE;
				GCC_WARN_UNUSED_FUNCTION = YES;
				GCC_WARN_UNUSED_VARIABLE = YES;
				IPHONEOS_DEPLOYMENT_TARGET = 13.5;
				MTL_ENABLE_DEBUG_INFO = INCLUDE_SOURCE;
				MTL_FAST_MATH = YES;
				ONLY_ACTIVE_ARCH = YES;
				SDKROOT = iphoneos;
				SWIFT_ACTIVE_COMPILATION_CONDITIONS = DEBUG;
				SWIFT_OPTIMIZATION_LEVEL = "-Onone";
			};
			name = Debug;
		};
		963F0755254583DE00E3D11B /* Release */ = {
			isa = XCBuildConfiguration;
			buildSettings = {
				ALWAYS_SEARCH_USER_PATHS = NO;
				CLANG_ANALYZER_NONNULL = YES;
				CLANG_ANALYZER_NUMBER_OBJECT_CONVERSION = YES_AGGRESSIVE;
				CLANG_CXX_LANGUAGE_STANDARD = "gnu++14";
				CLANG_CXX_LIBRARY = "libc++";
				CLANG_ENABLE_MODULES = YES;
				CLANG_ENABLE_OBJC_ARC = YES;
				CLANG_ENABLE_OBJC_WEAK = YES;
				CLANG_WARN_BLOCK_CAPTURE_AUTORELEASING = YES;
				CLANG_WARN_BOOL_CONVERSION = YES;
				CLANG_WARN_COMMA = YES;
				CLANG_WARN_CONSTANT_CONVERSION = YES;
				CLANG_WARN_DEPRECATED_OBJC_IMPLEMENTATIONS = YES;
				CLANG_WARN_DIRECT_OBJC_ISA_USAGE = YES_ERROR;
				CLANG_WARN_DOCUMENTATION_COMMENTS = YES;
				CLANG_WARN_EMPTY_BODY = YES;
				CLANG_WARN_ENUM_CONVERSION = YES;
				CLANG_WARN_INFINITE_RECURSION = YES;
				CLANG_WARN_INT_CONVERSION = YES;
				CLANG_WARN_NON_LITERAL_NULL_CONVERSION = YES;
				CLANG_WARN_OBJC_IMPLICIT_RETAIN_SELF = YES;
				CLANG_WARN_OBJC_LITERAL_CONVERSION = YES;
				CLANG_WARN_OBJC_ROOT_CLASS = YES_ERROR;
				CLANG_WARN_QUOTED_INCLUDE_IN_FRAMEWORK_HEADER = YES;
				CLANG_WARN_RANGE_LOOP_ANALYSIS = YES;
				CLANG_WARN_STRICT_PROTOTYPES = YES;
				CLANG_WARN_SUSPICIOUS_MOVE = YES;
				CLANG_WARN_UNGUARDED_AVAILABILITY = YES_AGGRESSIVE;
				CLANG_WARN_UNREACHABLE_CODE = YES;
				CLANG_WARN__DUPLICATE_METHOD_MATCH = YES;
				COPY_PHASE_STRIP = NO;
				DEBUG_INFORMATION_FORMAT = "dwarf-with-dsym";
				ENABLE_NS_ASSERTIONS = NO;
				ENABLE_STRICT_OBJC_MSGSEND = YES;
				GCC_C_LANGUAGE_STANDARD = gnu11;
				GCC_NO_COMMON_BLOCKS = YES;
				GCC_WARN_64_TO_32_BIT_CONVERSION = YES;
				GCC_WARN_ABOUT_RETURN_TYPE = YES_ERROR;
				GCC_WARN_UNDECLARED_SELECTOR = YES;
				GCC_WARN_UNINITIALIZED_AUTOS = YES_AGGRESSIVE;
				GCC_WARN_UNUSED_FUNCTION = YES;
				GCC_WARN_UNUSED_VARIABLE = YES;
				IPHONEOS_DEPLOYMENT_TARGET = 13.5;
				MTL_ENABLE_DEBUG_INFO = NO;
				MTL_FAST_MATH = YES;
				SDKROOT = iphoneos;
				SWIFT_COMPILATION_MODE = wholemodule;
				SWIFT_OPTIMIZATION_LEVEL = "-O";
				VALIDATE_PRODUCT = YES;
			};
			name = Release;
		};
		963F0757254583DE00E3D11B /* Debug */ = {
			isa = XCBuildConfiguration;
			buildSettings = {
				ASSETCATALOG_COMPILER_APPICON_NAME = AppIcon;
				ASSETCATALOG_COMPILER_GLOBAL_ACCENT_COLOR_NAME = AccentColor;
				CODE_SIGN_STYLE = Automatic;
				DEVELOPMENT_TEAM = WS55HV33U8;
				INFOPLIST_FILE = mapUFirestore/Info.plist;
				LD_RUNPATH_SEARCH_PATHS = (
					"$(inherited)",
					"@executable_path/Frameworks",
				);
				PRODUCT_BUNDLE_IDENTIFIER = in.mapu.mapUFirestore;
				PRODUCT_NAME = "$(TARGET_NAME)";
				SWIFT_VERSION = 5.0;
				TARGETED_DEVICE_FAMILY = "1,2";
			};
			name = Debug;
		};
		963F0758254583DE00E3D11B /* Release */ = {
			isa = XCBuildConfiguration;
			buildSettings = {
				ASSETCATALOG_COMPILER_APPICON_NAME = AppIcon;
				ASSETCATALOG_COMPILER_GLOBAL_ACCENT_COLOR_NAME = AccentColor;
				CODE_SIGN_STYLE = Automatic;
				DEVELOPMENT_TEAM = WS55HV33U8;
				INFOPLIST_FILE = mapUFirestore/Info.plist;
				LD_RUNPATH_SEARCH_PATHS = (
					"$(inherited)",
					"@executable_path/Frameworks",
				);
				PRODUCT_BUNDLE_IDENTIFIER = in.mapu.mapUFirestore;
				PRODUCT_NAME = "$(TARGET_NAME)";
				SWIFT_VERSION = 5.0;
				TARGETED_DEVICE_FAMILY = "1,2";
			};
			name = Release;
		};
		963F075A254583DE00E3D11B /* Debug */ = {
			isa = XCBuildConfiguration;
			buildSettings = {
				ALWAYS_EMBED_SWIFT_STANDARD_LIBRARIES = YES;
				BUNDLE_LOADER = "$(TEST_HOST)";
				CODE_SIGN_STYLE = Automatic;
				DEVELOPMENT_TEAM = WS55HV33U8;
				INFOPLIST_FILE = mapUFirestoreTests/Info.plist;
				IPHONEOS_DEPLOYMENT_TARGET = 14.1;
				LD_RUNPATH_SEARCH_PATHS = (
					"$(inherited)",
					"@executable_path/Frameworks",
					"@loader_path/Frameworks",
				);
				PRODUCT_BUNDLE_IDENTIFIER = in.mapu.mapUFirestoreTests;
				PRODUCT_NAME = "$(TARGET_NAME)";
				SWIFT_VERSION = 5.0;
				TARGETED_DEVICE_FAMILY = "1,2";
				TEST_HOST = "$(BUILT_PRODUCTS_DIR)/mapUFirestore.app/mapUFirestore";
			};
			name = Debug;
		};
		963F075B254583DE00E3D11B /* Release */ = {
			isa = XCBuildConfiguration;
			buildSettings = {
				ALWAYS_EMBED_SWIFT_STANDARD_LIBRARIES = YES;
				BUNDLE_LOADER = "$(TEST_HOST)";
				CODE_SIGN_STYLE = Automatic;
				DEVELOPMENT_TEAM = WS55HV33U8;
				INFOPLIST_FILE = mapUFirestoreTests/Info.plist;
				IPHONEOS_DEPLOYMENT_TARGET = 14.1;
				LD_RUNPATH_SEARCH_PATHS = (
					"$(inherited)",
					"@executable_path/Frameworks",
					"@loader_path/Frameworks",
				);
				PRODUCT_BUNDLE_IDENTIFIER = in.mapu.mapUFirestoreTests;
				PRODUCT_NAME = "$(TARGET_NAME)";
				SWIFT_VERSION = 5.0;
				TARGETED_DEVICE_FAMILY = "1,2";
				TEST_HOST = "$(BUILT_PRODUCTS_DIR)/mapUFirestore.app/mapUFirestore";
			};
			name = Release;
		};
		963F075D254583DE00E3D11B /* Debug */ = {
			isa = XCBuildConfiguration;
			buildSettings = {
				ALWAYS_EMBED_SWIFT_STANDARD_LIBRARIES = YES;
				CODE_SIGN_STYLE = Automatic;
				DEVELOPMENT_TEAM = WS55HV33U8;
				INFOPLIST_FILE = mapUFirestoreUITests/Info.plist;
				LD_RUNPATH_SEARCH_PATHS = (
					"$(inherited)",
					"@executable_path/Frameworks",
					"@loader_path/Frameworks",
				);
				PRODUCT_BUNDLE_IDENTIFIER = in.mapu.mapUFirestoreUITests;
				PRODUCT_NAME = "$(TARGET_NAME)";
				SWIFT_VERSION = 5.0;
				TARGETED_DEVICE_FAMILY = "1,2";
				TEST_TARGET_NAME = mapUFirestore;
			};
			name = Debug;
		};
		963F075E254583DE00E3D11B /* Release */ = {
			isa = XCBuildConfiguration;
			buildSettings = {
				ALWAYS_EMBED_SWIFT_STANDARD_LIBRARIES = YES;
				CODE_SIGN_STYLE = Automatic;
				DEVELOPMENT_TEAM = WS55HV33U8;
				INFOPLIST_FILE = mapUFirestoreUITests/Info.plist;
				LD_RUNPATH_SEARCH_PATHS = (
					"$(inherited)",
					"@executable_path/Frameworks",
					"@loader_path/Frameworks",
				);
				PRODUCT_BUNDLE_IDENTIFIER = in.mapu.mapUFirestoreUITests;
				PRODUCT_NAME = "$(TARGET_NAME)";
				SWIFT_VERSION = 5.0;
				TARGETED_DEVICE_FAMILY = "1,2";
				TEST_TARGET_NAME = mapUFirestore;
			};
			name = Release;
		};
/* End XCBuildConfiguration section */

/* Begin XCConfigurationList section */
		963F0724254583DE00E3D11B /* Build configuration list for PBXProject "mapUFirestore" */ = {
			isa = XCConfigurationList;
			buildConfigurations = (
				963F0754254583DE00E3D11B /* Debug */,
				963F0755254583DE00E3D11B /* Release */,
			);
			defaultConfigurationIsVisible = 0;
			defaultConfigurationName = Release;
		};
		963F0756254583DE00E3D11B /* Build configuration list for PBXNativeTarget "mapUFirestore" */ = {
			isa = XCConfigurationList;
			buildConfigurations = (
				963F0757254583DE00E3D11B /* Debug */,
				963F0758254583DE00E3D11B /* Release */,
			);
			defaultConfigurationIsVisible = 0;
			defaultConfigurationName = Release;
		};
		963F0759254583DE00E3D11B /* Build configuration list for PBXNativeTarget "mapUFirestoreTests" */ = {
			isa = XCConfigurationList;
			buildConfigurations = (
				963F075A254583DE00E3D11B /* Debug */,
				963F075B254583DE00E3D11B /* Release */,
			);
			defaultConfigurationIsVisible = 0;
			defaultConfigurationName = Release;
		};
		963F075C254583DE00E3D11B /* Build configuration list for PBXNativeTarget "mapUFirestoreUITests" */ = {
			isa = XCConfigurationList;
			buildConfigurations = (
				963F075D254583DE00E3D11B /* Debug */,
				963F075E254583DE00E3D11B /* Release */,
			);
			defaultConfigurationIsVisible = 0;
			defaultConfigurationName = Release;
		};
/* End XCConfigurationList section */

/* Begin XCRemoteSwiftPackageReference section */
		965C6605257E69F40048AEF5 /* XCRemoteSwiftPackageReference "firebase-ios-sdk" */ = {
			isa = XCRemoteSwiftPackageReference;
			repositoryURL = "https://github.com/firebase/firebase-ios-sdk";
			requirement = {
				branch = "6.32-spm-beta";
				kind = branch;
			};
		};
/* End XCRemoteSwiftPackageReference section */

/* Begin XCSwiftPackageProductDependency section */
		965C6606257E69F40048AEF5 /* FirebaseFirestoreSwift */ = {
			isa = XCSwiftPackageProductDependency;
			package = 965C6605257E69F40048AEF5 /* XCRemoteSwiftPackageReference "firebase-ios-sdk" */;
			productName = FirebaseFirestoreSwift;
		};
		965C6608257E69F40048AEF5 /* FirebaseStorage */ = {
			isa = XCSwiftPackageProductDependency;
			package = 965C6605257E69F40048AEF5 /* XCRemoteSwiftPackageReference "firebase-ios-sdk" */;
			productName = FirebaseStorage;
		};
		965C660A257E69F40048AEF5 /* FirebaseAuth */ = {
			isa = XCSwiftPackageProductDependency;
			package = 965C6605257E69F40048AEF5 /* XCRemoteSwiftPackageReference "firebase-ios-sdk" */;
			productName = FirebaseAuth;
		};
		965C660C257E69F40048AEF5 /* FirebaseFirestore */ = {
			isa = XCSwiftPackageProductDependency;
			package = 965C6605257E69F40048AEF5 /* XCRemoteSwiftPackageReference "firebase-ios-sdk" */;
			productName = FirebaseFirestore;
		};
		965C660E257E69F40048AEF5 /* FirebaseDatabase */ = {
			isa = XCSwiftPackageProductDependency;
			package = 965C6605257E69F40048AEF5 /* XCRemoteSwiftPackageReference "firebase-ios-sdk" */;
			productName = FirebaseDatabase;
		};
/* End XCSwiftPackageProductDependency section */

/* Begin XCVersionGroup section */
		963F0735254583DE00E3D11B /* mapUFirestore.xcdatamodeld */ = {
			isa = XCVersionGroup;
			children = (
				963F0736254583DE00E3D11B /* mapUFirestore.xcdatamodel */,
			);
			currentVersion = 963F0736254583DE00E3D11B /* mapUFirestore.xcdatamodel */;
			path = mapUFirestore.xcdatamodeld;
			sourceTree = "<group>";
			versionGroupType = wrapper.xcdatamodel;
		};
/* End XCVersionGroup section */
	};
	rootObject = 963F0721254583DE00E3D11B /* Project object */;
}
